{
  "version": 1,
  "dependencies": {
    "net7.0": {
      "ExcelDataReader": {
        "type": "Direct",
        "requested": "[3.7.0, )",
        "resolved": "3.7.0",
        "contentHash": "AMv3oDETRHSRyXC17rBtKH45qIfFyo433LMeaMB3u4RNr/c9Luuc0Z+JMP6+3Cx9n4wXqFqcrEIVxrf/GgYnZg=="
      },
      "ExcelDataReader.DataSet": {
        "type": "Direct",
        "requested": "[3.7.0, )",
        "resolved": "3.7.0",
        "contentHash": "zA2/CVzbMspkNg0qf0/Zp+eU6VxYP5PtiJSErLDP46d/Y7F6of/NCcSGeXjs97KDq7UiEf6XJe+89s/92n2GYg==",
        "dependencies": {
          "ExcelDataReader": "3.7.0"
        }
      }
    }
  }
}